
Microsoft Visual Studio Solution File, Format Version 12.00
# Visual Studio Version 17
VisualStudioVersion = 17.9.34728.123
MinimumVisualStudioVersion = 10.0.40219.1
Project("{FAE04EC0-301F-11D3-BF4B-00C04F79EFBC}") = "StudentPortal.Web", "StudentPortal.Web\StudentPortal.Web.csproj", "{A00EA2EB-9B70-4D6E-BF3B-18D1AB67E997}"
EndProject
Global
	GlobalSection(SolutionConfigurationPlatforms) = preSolution
		Debug|Any CPU = Debug|Any CPU
		Release|Any CPU = Release|Any CPU
	EndGlobalSection
	GlobalSection(ProjectConfigurationPlatforms) = postSolution
		{A00EA2EB-9B70-4D6E-BF3B-18D1AB67E997}.Debug|Any CPU.ActiveCfg = Debug|Any CPU
		{A00EA2EB-9B70-4D6E-BF3B-18D1AB67E997}.Debug|Any CPU.Build.0 = Debug|Any CPU
		{A00EA2EB-9B70-4D6E-BF3B-18D1AB67E997}.Release|Any CPU.ActiveCfg = Release|Any CPU
		{A00EA2EB-9B70-4D6E-BF3B-18D1AB67E997}.Release|Any CPU.Build.0 = Release|Any CPU
	EndGlobalSection
	GlobalSection(SolutionProperties) = preSolution
		HideSolutionNode = FALSE
	EndGlobalSection
	GlobalSection(ExtensibilityGlobals) = postSolution
		SolutionGuid = {84CE5842-F726-447C-88EB-61B02352FDEC}
	EndGlobalSection
EndGlobal
